
Microsoft Visual Studio Solution File, Format Version 12.00
# Visual Studio 15
Project("{FAE04EC0-301F-11D3-BF4B-00C04F79EFBC}") = "Ultramarine.UserSecrets", "Ultramarine.UserSecrets\Ultramarine.UserSecrets.csproj", "{205E0E8B-3AEB-4EFB-8CB1-6DAF6F1FEF91}"
EndProject
Global
	GlobalSection(SolutionConfigurationPlatforms) = preSolution
		Debug|Any CPU = Debug|Any CPU
		Release|Any CPU = Release|Any CPU
	EndGlobalSection
	GlobalSection(ProjectConfigurationPlatforms) = postSolution
		{205E0E8B-3AEB-4EFB-8CB1-6DAF6F1FEF91}.Debug|Any CPU.ActiveCfg = Debug|Any CPU
		{205E0E8B-3AEB-4EFB-8CB1-6DAF6F1FEF91}.Debug|Any CPU.Build.0 = Debug|Any CPU
		{205E0E8B-3AEB-4EFB-8CB1-6DAF6F1FEF91}.Release|Any CPU.ActiveCfg = Release|Any CPU
		{205E0E8B-3AEB-4EFB-8CB1-6DAF6F1FEF91}.Release|Any CPU.Build.0 = Release|Any CPU
	EndGlobalSection
EndGlobal
